
Microsoft Visual Studio Solution File, Format Version 12.00
# Visual Studio Version 16
VisualStudioVersion = 16.0.30413.136
MinimumVisualStudioVersion = 10.0.40219.1
Project("{2150E333-8FDC-42A3-9474-1A3956D46DE8}") = "1-Application", "1-Application", "{D0DA095D-286B-476E-B655-C78458E86693}"
EndProject
Project("{2150E333-8FDC-42A3-9474-1A3956D46DE8}") = "2-Core", "2-Core", "{BB7CD122-CB26-421B-80C3-5D0D55818D9D}"
EndProject
Project("{2150E333-8FDC-42A3-9474-1A3956D46DE8}") = "3-Infra", "3-Infra", "{0067C290-88EA-41D1-9853-3B8FB3DE90F7}"
EndProject
Project("{2150E333-8FDC-42A3-9474-1A3956D46DE8}") = "1.1-Web", "1.1-Web", "{FB93AF0D-4AA4-4BC9-9AF9-61A6B459082B}"
EndProject
Project("{9A19103F-16F7-4668-BE54-9A1E7A4F7556}") = "SiGNC.Core.Services", "SiGNC.Core.Services\SiGNC.Core.Services.csproj", "{E82CA7C5-530C-4C5A-919B-2461100A1EEC}"
EndProject
Project("{9A19103F-16F7-4668-BE54-9A1E7A4F7556}") = "SiGNC.Infra", "SiGNC.Infra\SiGNC.Infra.csproj", "{66445A55-AF01-4D30-8521-7DBC3E99A1A7}"
EndProject
Project("{9A19103F-16F7-4668-BE54-9A1E7A4F7556}") = "SiGNC.Infra.Data", "SiGNC.Infra.Data\SiGNC.Infra.Data.csproj", "{9B65646D-5E27-4810-BB63-B7569881E894}"
EndProject
Project("{9A19103F-16F7-4668-BE54-9A1E7A4F7556}") = "SiGNC.Core.Services.IoC", "SiGNC.Core.Services.IoC\SiGNC.Core.Services.IoC.csproj", "{6DB9B7C8-C20F-4788-8DC3-B31DCCF21924}"
EndProject
Project("{9A19103F-16F7-4668-BE54-9A1E7A4F7556}") = "SiGNC.Application.Web", "SiGNC.Application.Web\SiGNC.Application.Web.csproj", "{FE1C5A26-B0B6-40E9-BF00-D3DB60C028DD}"
EndProject
Project("{9A19103F-16F7-4668-BE54-9A1E7A4F7556}") = "SiGNC.Application.Web.NET5", "SiGNC.Application.Web.NET5\SiGNC.Application.Web.NET5.csproj", "{C1A35A0A-EB41-407E-ABA7-044380A8F547}"
EndProject
Project("{FAE04EC0-301F-11D3-BF4B-00C04F79EFBC}") = "ClassLibrary1", "ClassLibrary1\ClassLibrary1.csproj", "{E0F95665-31E6-4C49-9736-53A4CBDC930C}"
EndProject
Global
	GlobalSection(SolutionConfigurationPlatforms) = preSolution
		Debug|Any CPU = Debug|Any CPU
		Release|Any CPU = Release|Any CPU
	EndGlobalSection
	GlobalSection(ProjectConfigurationPlatforms) = postSolution
		{E82CA7C5-530C-4C5A-919B-2461100A1EEC}.Debug|Any CPU.ActiveCfg = Debug|Any CPU
		{E82CA7C5-530C-4C5A-919B-2461100A1EEC}.Debug|Any CPU.Build.0 = Debug|Any CPU
		{E82CA7C5-530C-4C5A-919B-2461100A1EEC}.Release|Any CPU.ActiveCfg = Release|Any CPU
		{E82CA7C5-530C-4C5A-919B-2461100A1EEC}.Release|Any CPU.Build.0 = Release|Any CPU
		{66445A55-AF01-4D30-8521-7DBC3E99A1A7}.Debug|Any CPU.ActiveCfg = Debug|Any CPU
		{66445A55-AF01-4D30-8521-7DBC3E99A1A7}.Debug|Any CPU.Build.0 = Debug|Any CPU
		{66445A55-AF01-4D30-8521-7DBC3E99A1A7}.Release|Any CPU.ActiveCfg = Release|Any CPU
		{66445A55-AF01-4D30-8521-7DBC3E99A1A7}.Release|Any CPU.Build.0 = Release|Any CPU
		{9B65646D-5E27-4810-BB63-B7569881E894}.Debug|Any CPU.ActiveCfg = Debug|Any CPU
		{9B65646D-5E27-4810-BB63-B7569881E894}.Debug|Any CPU.Build.0 = Debug|Any CPU
		{9B65646D-5E27-4810-BB63-B7569881E894}.Release|Any CPU.ActiveCfg = Release|Any CPU
		{9B65646D-5E27-4810-BB63-B7569881E894}.Release|Any CPU.Build.0 = Release|Any CPU
		{6DB9B7C8-C20F-4788-8DC3-B31DCCF21924}.Debug|Any CPU.ActiveCfg = Debug|Any CPU
		{6DB9B7C8-C20F-4788-8DC3-B31DCCF21924}.Debug|Any CPU.Build.0 = Debug|Any CPU
		{6DB9B7C8-C20F-4788-8DC3-B31DCCF21924}.Release|Any CPU.ActiveCfg = Release|Any CPU
		{6DB9B7C8-C20F-4788-8DC3-B31DCCF21924}.Release|Any CPU.Build.0 = Release|Any CPU
		{FE1C5A26-B0B6-40E9-BF00-D3DB60C028DD}.Debug|Any CPU.ActiveCfg = Debug|Any CPU
		{FE1C5A26-B0B6-40E9-BF00-D3DB60C028DD}.Debug|Any CPU.Build.0 = Debug|Any CPU
		{FE1C5A26-B0B6-40E9-BF00-D3DB60C028DD}.Release|Any CPU.ActiveCfg = Release|Any CPU
		{FE1C5A26-B0B6-40E9-BF00-D3DB60C028DD}.Release|Any CPU.Build.0 = Release|Any CPU
		{C1A35A0A-EB41-407E-ABA7-044380A8F547}.Debug|Any CPU.ActiveCfg = Debug|Any CPU
		{C1A35A0A-EB41-407E-ABA7-044380A8F547}.Debug|Any CPU.Build.0 = Debug|Any CPU
		{C1A35A0A-EB41-407E-ABA7-044380A8F547}.Release|Any CPU.ActiveCfg = Release|Any CPU
		{C1A35A0A-EB41-407E-ABA7-044380A8F547}.Release|Any CPU.Build.0 = Release|Any CPU
		{E0F95665-31E6-4C49-9736-53A4CBDC930C}.Debug|Any CPU.ActiveCfg = Debug|Any CPU
		{E0F95665-31E6-4C49-9736-53A4CBDC930C}.Debug|Any CPU.Build.0 = Debug|Any CPU
		{E0F95665-31E6-4C49-9736-53A4CBDC930C}.Release|Any CPU.ActiveCfg = Release|Any CPU
		{E0F95665-31E6-4C49-9736-53A4CBDC930C}.Release|Any CPU.Build.0 = Release|Any CPU
	EndGlobalSection
	GlobalSection(SolutionProperties) = preSolution
		HideSolutionNode = FALSE
	EndGlobalSection
	GlobalSection(NestedProjects) = preSolution
		{FB93AF0D-4AA4-4BC9-9AF9-61A6B459082B} = {D0DA095D-286B-476E-B655-C78458E86693}
		{E82CA7C5-530C-4C5A-919B-2461100A1EEC} = {BB7CD122-CB26-421B-80C3-5D0D55818D9D}
		{66445A55-AF01-4D30-8521-7DBC3E99A1A7} = {0067C290-88EA-41D1-9853-3B8FB3DE90F7}
		{9B65646D-5E27-4810-BB63-B7569881E894} = {0067C290-88EA-41D1-9853-3B8FB3DE90F7}
		{6DB9B7C8-C20F-4788-8DC3-B31DCCF21924} = {BB7CD122-CB26-421B-80C3-5D0D55818D9D}
		{FE1C5A26-B0B6-40E9-BF00-D3DB60C028DD} = {FB93AF0D-4AA4-4BC9-9AF9-61A6B459082B}
		{C1A35A0A-EB41-407E-ABA7-044380A8F547} = {FB93AF0D-4AA4-4BC9-9AF9-61A6B459082B}
		{E0F95665-31E6-4C49-9736-53A4CBDC930C} = {0067C290-88EA-41D1-9853-3B8FB3DE90F7}
	EndGlobalSection
	GlobalSection(ExtensibilityGlobals) = postSolution
		SolutionGuid = {E1BE8655-B621-4DD7-9ADF-4887FA60BDBB}
	EndGlobalSection
EndGlobal
